
Microsoft Visual Studio Solution File, Format Version 12.00
# Visual Studio Version 17
VisualStudioVersion = 17.10.35013.160
MinimumVisualStudioVersion = 10.0.40219.1
Project("{FAE04EC0-301F-11D3-BF4B-00C04F79EFBC}") = "Api-Sport", "Api-Sport\Api-Sport.csproj", "{6C73CFBF-187B-41B1-A7DF-920CF958989A}"
EndProject
Global
	GlobalSection(SolutionConfigurationPlatforms) = preSolution
		Debug|Any CPU = Debug|Any CPU
		Release|Any CPU = Release|Any CPU
	EndGlobalSection
	GlobalSection(ProjectConfigurationPlatforms) = postSolution
		{6C73CFBF-187B-41B1-A7DF-920CF958989A}.Debug|Any CPU.ActiveCfg = Debug|Any CPU
		{6C73CFBF-187B-41B1-A7DF-920CF958989A}.Debug|Any CPU.Build.0 = Debug|Any CPU
		{6C73CFBF-187B-41B1-A7DF-920CF958989A}.Release|Any CPU.ActiveCfg = Release|Any CPU
		{6C73CFBF-187B-41B1-A7DF-920CF958989A}.Release|Any CPU.Build.0 = Release|Any CPU
	EndGlobalSection
	GlobalSection(SolutionProperties) = preSolution
		HideSolutionNode = FALSE
	EndGlobalSection
	GlobalSection(ExtensibilityGlobals) = postSolution
		SolutionGuid = {096832E7-71EA-42EB-B729-4FE5F8D7ACF1}
	EndGlobalSection
EndGlobal
